{
    "_readme": [
        "This file locks the dependencies of your project to a known state",
        "Read more about it at https://getcomposer.org/doc/01-basic-usage.md#composer-lock-the-lock-file",
        "This file is @generated automatically"
    ],
    "hash": "8779099260346f8d9c0f428ec1ca69da",
    "content-hash": "4a6ca4b4a081ec39f7b6f82f290cd1ae",
    "packages": [
        {
            "name": "cradlephp/command-line",
            "version": "dev-master",
            "source": {
                "type": "git",
                "url": "https://github.com/CradlePHP/command-line.git",
                "reference": "18ae3745214707213f642342e1c340a45e282f83"
            },
            "dist": {
                "type": "zip",
                "url": "https://api.github.com/repos/CradlePHP/command-line/zipball/18ae3745214707213f642342e1c340a45e282f83",
                "reference": "18ae3745214707213f642342e1c340a45e282f83",
                "shasum": ""
            },
            "require": {
                "php-amqplib/php-amqplib": "2.6.3"
            },
            "require-dev": {
                "phpunit/phpunit": "5.7.9",
                "squizlabs/php_codesniffer": "2.7.1"
            },
            "bin": [
                "bin/cradle"
            ],
            "type": "cli",
            "autoload": {
                "psr-4": {
                    "Cradle\\CommandLine\\": "src/"
                }
            },
            "notification-url": "https://packagist.org/downloads/",
            "license": [
                "MIT"
            ],
            "authors": [
                {
                    "name": "Christian Blanquera",
                    "email": "cblanquera@openovate.com"
                }
            ],
            "description": "The Cradle command line to manage packages",
            "homepage": "https://cradlephp.github.io/",
            "keywords": [
                "cli",
                "cradle",
                "cradlephp"
            ],
            "time": "2017-06-01 10:08:29"
        },
        {
            "name": "cradlephp/components",
            "version": "1.1.x-dev",
            "source": {
                "type": "git",
                "url": "https://github.com/CradlePHP/components.git",
                "reference": "7faaf21d52ed2d6ab89f057927e42791bad62391"
            },
            "dist": {
                "type": "zip",
                "url": "https://api.github.com/repos/CradlePHP/components/zipball/7faaf21d52ed2d6ab89f057927e42791bad62391",
                "reference": "7faaf21d52ed2d6ab89f057927e42791bad62391",
                "shasum": ""
            },
            "require": {
                "php": ">=7.0"
            },
            "require-dev": {
                "phpunit/phpunit": "5.7.9",
                "satooshi/php-coveralls": "^1.0",
                "squizlabs/php_codesniffer": "2.7.1"
            },
            "type": "library",
            "autoload": {
                "psr-4": {
                    "Cradle\\": "src/"
                }
            },
            "notification-url": "https://packagist.org/downloads/",
            "license": [
                "MIT"
            ],
            "authors": [
                {
                    "name": "Christian Blanquera",
                    "email": "cblanquera@openovate.com"
                }
            ],
            "description": "Common PHP7 Patterns and Constructs",
            "homepage": "https://cradlephp.github.io/",
            "keywords": [
                "cradle",
                "cradlephp",
                "library",
                "php70",
                "php71"
            ],
            "time": "2017-06-01 11:06:52"
        },
        {
            "name": "cradlephp/framework",
            "version": "1.1.x-dev",
            "source": {
                "type": "git",
                "url": "https://github.com/CradlePHP/framework.git",
                "reference": "92e94de6f92eb258c5e3258b7e8965c75e0404fe"
            },
            "dist": {
                "type": "zip",
                "url": "https://api.github.com/repos/CradlePHP/framework/zipball/92e94de6f92eb258c5e3258b7e8965c75e0404fe",
                "reference": "92e94de6f92eb258c5e3258b7e8965c75e0404fe",
                "shasum": ""
            },
            "require": {
                "cradlephp/components": "~1.1.1"
            },
            "require-dev": {
                "phpunit/phpunit": "5.7.9",
                "satooshi/php-coveralls": "^1.0",
                "squizlabs/php_codesniffer": "2.7.1"
            },
            "type": "library",
            "autoload": {
                "psr-4": {
                    "Cradle\\": "src/"
                }
            },
            "notification-url": "https://packagist.org/downloads/",
            "license": [
                "MIT"
            ],
            "authors": [
                {
                    "name": "Christian Blanquera",
                    "email": "cblanquera@openovate.com"
                }
            ],
            "description": "Cradle Meta Framework focused on the core features.",
            "homepage": "https://cradlephp.github.io/",
            "keywords": [
                "cradle",
                "cradlephp",
                "framework"
            ],
            "time": "2017-06-01 11:19:39"
        },
        {
            "name": "cradlephp/packages",
            "version": "1.1.x-dev",
            "source": {
                "type": "git",
                "url": "https://github.com/CradlePHP/packages.git",
                "reference": "c9069cc9b21083fe7ebafa6921fb429d944369fa"
            },
            "dist": {
                "type": "zip",
                "url": "https://api.github.com/repos/CradlePHP/packages/zipball/c9069cc9b21083fe7ebafa6921fb429d944369fa",
                "reference": "c9069cc9b21083fe7ebafa6921fb429d944369fa",
                "shasum": ""
            },
            "require": {
                "cradlephp/components": "~1.1.1"
            },
            "require-dev": {
                "phpunit/phpunit": "5.7.9",
                "satooshi/php-coveralls": "^1.0",
                "squizlabs/php_codesniffer": "2.7.1"
            },
            "type": "library",
            "autoload": {
                "psr-4": {
                    "Cradle\\": "src/"
                }
            },
            "notification-url": "https://packagist.org/downloads/",
            "license": [
                "MIT"
            ],
            "authors": [
                {
                    "name": "Christian Blanquera",
                    "email": "cblanquera@openovate.com"
                }
            ],
            "description": "Framework Agnotic Packages for the Cradle micro framework",
            "homepage": "https://cradlephp.github.io/",
            "keywords": [
                "cradle",
                "cradlephp",
                "library"
            ],
            "time": "2017-06-01 11:14:55"
        },
        {
            "name": "php-amqplib/php-amqplib",
            "version": "v2.6.3",
            "source": {
                "type": "git",
                "url": "https://github.com/php-amqplib/php-amqplib.git",
                "reference": "fa2f0d4410a11008cb36b379177291be7ee9e4f6"
            },
            "dist": {
                "type": "zip",
                "url": "https://api.github.com/repos/php-amqplib/php-amqplib/zipball/fa2f0d4410a11008cb36b379177291be7ee9e4f6",
                "reference": "fa2f0d4410a11008cb36b379177291be7ee9e4f6",
                "shasum": ""
            },
            "require": {
                "ext-bcmath": "*",
                "ext-mbstring": "*",
                "php": ">=5.3.0"
            },
            "replace": {
                "videlalvaro/php-amqplib": "self.version"
            },
            "require-dev": {
                "phpunit/phpunit": "^4.8",
                "scrutinizer/ocular": "^1.1",
                "squizlabs/php_codesniffer": "^2.5"
            },
            "suggest": {
                "ext-sockets": "Use AMQPSocketConnection"
            },
            "type": "library",
            "extra": {
                "branch-alias": {
                    "dev-master": "2.7-dev"
                }
            },
            "autoload": {
                "psr-4": {
                    "PhpAmqpLib\\": "PhpAmqpLib/"
                }
            },
            "notification-url": "https://packagist.org/downloads/",
            "license": [
                "LGPL-2.1"
            ],
            "authors": [
                {
                    "name": "Alvaro Videla",
                    "role": "Original Maintainer"
                },
                {
                    "name": "John Kelly",
                    "email": "johnmkelly86@gmail.com",
                    "role": "Maintainer"
                },
                {
                    "name": "Raúl Araya",
                    "email": "nubeiro@gmail.com",
                    "role": "Maintainer"
                }
            ],
            "description": "Formerly videlalvaro/php-amqplib.  This library is a pure PHP implementation of the AMQP protocol. It's been tested against RabbitMQ.",
            "homepage": "https://github.com/php-amqplib/php-amqplib/",
            "keywords": [
                "message",
                "queue",
                "rabbitmq"
            ],
            "time": "2016-04-11 14:30:01"
        }
    ],
    "packages-dev": [],
    "aliases": [],
    "minimum-stability": "dev",
    "stability-flags": {
        "cradlephp/command-line": 20
    },
    "prefer-stable": false,
    "prefer-lowest": false,
    "platform": [],
    "platform-dev": []
}
