# THIS IS AN AUTOGENERATED FILE. DO NOT EDIT THIS FILE DIRECTLY.
# yarn lockfile v1


ace-editor-builds@^1.2.4:
  version "1.2.4"
  resolved "https://registry.yarnpkg.com/ace-editor-builds/-/ace-editor-builds-1.2.4.tgz#5213874b1b23f9d79ac62d106e32970e2af3727f"

align-text@^0.1.1, align-text@^0.1.3:
  version "0.1.4"
  resolved "https://registry.yarnpkg.com/align-text/-/align-text-0.1.4.tgz#0cd90a561093f35d0a99256c22b7069433fad117"
  dependencies:
    kind-of "^3.0.2"
    longest "^1.0.1"
    repeat-string "^1.5.2"

almond@~0.3.1:
  version "0.3.3"
  resolved "https://registry.yarnpkg.com/almond/-/almond-0.3.3.tgz#a0e7c95ac7624d6417b4494b1e68bff693168a20"

amdefine@>=0.0.4:
  version "1.0.1"
  resolved "https://registry.yarnpkg.com/amdefine/-/amdefine-1.0.1.tgz#4a5282ac164729e93619bcfd3ad151f817ce91f5"

async@^1.4.0:
  version "1.5.2"
  resolved "https://registry.yarnpkg.com/async/-/async-1.5.2.tgz#ec6a61ae56480c0c3cb241c95618e20892f9672a"

bootstrap-markdown-editor-4@^3.0.0:
  version "3.0.0"
  resolved "https://registry.yarnpkg.com/bootstrap-markdown-editor-4/-/bootstrap-markdown-editor-4-3.0.0.tgz#fddcf7b1236cf9fab30e48ada44d7b4136c12d9b"

bootstrap@^4.0.0:
  version "4.0.0"
  resolved "https://registry.yarnpkg.com/bootstrap/-/bootstrap-4.0.0.tgz#ceb03842c145fcc1b9b4e15da2a05656ba68469a"

camelcase@^1.0.2:
  version "1.2.1"
  resolved "https://registry.yarnpkg.com/camelcase/-/camelcase-1.2.1.tgz#9bb5304d2e0b56698b2c758b08a3eaa9daa58a39"

center-align@^0.1.1:
  version "0.1.3"
  resolved "https://registry.yarnpkg.com/center-align/-/center-align-0.1.3.tgz#aa0d32629b6ee972200411cbd4461c907bc2b7ad"
  dependencies:
    align-text "^0.1.3"
    lazy-cache "^1.0.3"

cliui@^2.1.0:
  version "2.1.0"
  resolved "https://registry.yarnpkg.com/cliui/-/cliui-2.1.0.tgz#4b475760ff80264c762c3a1719032e91c7fea0d1"
  dependencies:
    center-align "^0.1.1"
    right-align "^0.1.1"
    wordwrap "0.0.2"

decamelize@^1.0.0:
  version "1.2.0"
  resolved "https://registry.yarnpkg.com/decamelize/-/decamelize-1.2.0.tgz#f6534d15148269b20352e7bee26f501f9a191290"

doon@^1.0.0:
  version "1.0.0"
  resolved "https://registry.yarnpkg.com/doon/-/doon-1.0.0.tgz#5cce1fab7be8dc80a8561f86d722261e55d3e6dc"

flatpickr@^4.3.2:
  version "4.3.2"
  resolved "https://registry.yarnpkg.com/flatpickr/-/flatpickr-4.3.2.tgz#6a477043c075ef36c3ff54fadb49b936a64d635f"

fontawesome5-webfont@^5.0.4:
  version "5.0.4"
  resolved "https://registry.yarnpkg.com/fontawesome5-webfont/-/fontawesome5-webfont-5.0.4.tgz#f392cee1529e6dd81f1e103be8cc6c3522282995"

google-code-prettify@^1.0.5:
  version "1.0.5"
  resolved "https://registry.yarnpkg.com/google-code-prettify/-/google-code-prettify-1.0.5.tgz#9f477f224dbfa62372e5ef803a7e157410400084"

handlebars@^4.0.11:
  version "4.0.11"
  resolved "https://registry.yarnpkg.com/handlebars/-/handlebars-4.0.11.tgz#630a35dfe0294bc281edae6ffc5d329fc7982dcc"
  dependencies:
    async "^1.4.0"
    optimist "^0.6.1"
    source-map "^0.4.4"
  optionalDependencies:
    uglify-js "^2.6"

inputmask@^3.3.11:
  version "3.3.11"
  resolved "https://registry.yarnpkg.com/inputmask/-/inputmask-3.3.11.tgz#1421c94ae28c3dcd1b4d26337b508bb34998e2d8"

ion-rangeslider@^2.2.0:
  version "2.2.0"
  resolved "https://registry.yarnpkg.com/ion-rangeslider/-/ion-rangeslider-2.2.0.tgz#388f12cd70593a61b3368fad6c4f30a5da8b97c9"
  dependencies:
    jquery ">=1.8"

is-buffer@^1.1.5:
  version "1.1.6"
  resolved "https://registry.yarnpkg.com/is-buffer/-/is-buffer-1.1.6.tgz#efaa2ea9daa0d7ab2ea13a97b2b8ad51fefbe8be"

jquery-knob@^1.2.11:
  version "1.2.11"
  resolved "https://registry.yarnpkg.com/jquery-knob/-/jquery-knob-1.2.11.tgz#f37c39dbc1c7a6a6c12cdb2ed4f6bffb683f10d6"

jquery-mousewheel@~3.1.13:
  version "3.1.13"
  resolved "https://registry.yarnpkg.com/jquery-mousewheel/-/jquery-mousewheel-3.1.13.tgz#06f0335f16e353a695e7206bf50503cb523a6ee5"

jquery-sortable@^0.9.13:
  version "0.9.13"
  resolved "https://registry.yarnpkg.com/jquery-sortable/-/jquery-sortable-0.9.13.tgz#1cbfb655013a0747370571f06e22f524a00ffba2"
  dependencies:
    jquery "^2.1.2"

jquery@>=1.12.0, jquery@>=1.8, jquery@^3.3.1:
  version "3.3.1"
  resolved "https://registry.yarnpkg.com/jquery/-/jquery-3.3.1.tgz#958ce29e81c9790f31be7792df5d4d95fc57fbca"

jquery@^2.1.2:
  version "2.2.4"
  resolved "https://registry.yarnpkg.com/jquery/-/jquery-2.2.4.tgz#2c89d6889b5eac522a7eea32c14521559c6cbf02"

kind-of@^3.0.2:
  version "3.2.2"
  resolved "https://registry.yarnpkg.com/kind-of/-/kind-of-3.2.2.tgz#31ea21a734bab9bbb0f32466d893aea51e4a3c64"
  dependencies:
    is-buffer "^1.1.5"

lazy-cache@^1.0.3:
  version "1.0.4"
  resolved "https://registry.yarnpkg.com/lazy-cache/-/lazy-cache-1.0.4.tgz#a1d78fc3a50474cb80845d3b3b6e1da49a446e8e"

longest@^1.0.1:
  version "1.0.1"
  resolved "https://registry.yarnpkg.com/longest/-/longest-1.0.1.tgz#30a0b2da38f73770e8294a0d22e6625ed77d0097"

minimist@~0.0.1:
  version "0.0.10"
  resolved "https://registry.yarnpkg.com/minimist/-/minimist-0.0.10.tgz#de3f98543dbf96082be48ad1a0c7cda836301dcf"

moment@^2.21.0:
  version "2.21.0"
  resolved "https://registry.yarnpkg.com/moment/-/moment-2.21.0.tgz#2a114b51d2a6ec9e6d83cf803f838a878d8a023a"

open-sans-fontface@^1.4.0:
  version "1.4.0"
  resolved "https://registry.yarnpkg.com/open-sans-fontface/-/open-sans-fontface-1.4.0.tgz#03cc6d1bf5e6a8b5b47910888562f722c5dd3428"

optimist@^0.6.1:
  version "0.6.1"
  resolved "https://registry.yarnpkg.com/optimist/-/optimist-0.6.1.tgz#da3ea74686fa21a19a111c326e90eb15a0196686"
  dependencies:
    minimist "~0.0.1"
    wordwrap "~0.0.2"

papaparse@^4.3.7:
  version "4.3.7"
  resolved "https://registry.yarnpkg.com/papaparse/-/papaparse-4.3.7.tgz#ed1e7183320d1e0839dfe9f7186185cfc5097b8d"

repeat-string@^1.5.2:
  version "1.6.1"
  resolved "https://registry.yarnpkg.com/repeat-string/-/repeat-string-1.6.1.tgz#8dcae470e1c88abc2d600fff4a776286da75e637"

right-align@^0.1.1:
  version "0.1.3"
  resolved "https://registry.yarnpkg.com/right-align/-/right-align-0.1.3.tgz#61339b722fe6a3515689210d24e14c96148613ef"
  dependencies:
    align-text "^0.1.1"

select2@^4.0.6-rc.1:
  version "4.0.6-rc.1"
  resolved "https://registry.yarnpkg.com/select2/-/select2-4.0.6-rc.1.tgz#aa6c3038a7f0f2e91ffade38f0a21c15e1813276"
  dependencies:
    almond "~0.3.1"
    jquery-mousewheel "~3.1.13"

source-map@^0.4.4:
  version "0.4.4"
  resolved "https://registry.yarnpkg.com/source-map/-/source-map-0.4.4.tgz#eba4f5da9c0dc999de68032d8b4f76173652036b"
  dependencies:
    amdefine ">=0.0.4"

source-map@~0.5.1:
  version "0.5.7"
  resolved "https://registry.yarnpkg.com/source-map/-/source-map-0.5.7.tgz#8a039d2d1021d22d1ea14c80d8ea468ba2ef3fcc"

toastr@^2.1.4:
  version "2.1.4"
  resolved "https://registry.yarnpkg.com/toastr/-/toastr-2.1.4.tgz#8b43be64fb9d0c414871446f2db8e8ca4e95f181"
  dependencies:
    jquery ">=1.12.0"

uglify-js@^2.6:
  version "2.8.29"
  resolved "https://registry.yarnpkg.com/uglify-js/-/uglify-js-2.8.29.tgz#29c5733148057bb4e1f75df35b7a9cb72e6a59dd"
  dependencies:
    source-map "~0.5.1"
    yargs "~3.10.0"
  optionalDependencies:
    uglify-to-browserify "~1.0.0"

uglify-to-browserify@~1.0.0:
  version "1.0.2"
  resolved "https://registry.yarnpkg.com/uglify-to-browserify/-/uglify-to-browserify-1.0.2.tgz#6e0924d6bda6b5afe349e39a6d632850a0f882b7"

window-size@0.1.0:
  version "0.1.0"
  resolved "https://registry.yarnpkg.com/window-size/-/window-size-0.1.0.tgz#5438cd2ea93b202efa3a19fe8887aee7c94f9c9d"

wordwrap@0.0.2:
  version "0.0.2"
  resolved "https://registry.yarnpkg.com/wordwrap/-/wordwrap-0.0.2.tgz#b79669bb42ecb409f83d583cad52ca17eaa1643f"

wordwrap@~0.0.2:
  version "0.0.3"
  resolved "https://registry.yarnpkg.com/wordwrap/-/wordwrap-0.0.3.tgz#a3d5da6cd5c0bc0008d37234bbaf1bed63059107"

wysihtml@^0.6.0-beta1:
  version "0.6.0-beta1"
  resolved "https://registry.yarnpkg.com/wysihtml/-/wysihtml-0.6.0-beta1.tgz#8ffa073bb5a2f22d8d307f7496205ba32dd15b44"

yargs@~3.10.0:
  version "3.10.0"
  resolved "https://registry.yarnpkg.com/yargs/-/yargs-3.10.0.tgz#f7ee7bd857dd7c1d2d38c0e74efbd681d1431fd1"
  dependencies:
    camelcase "^1.0.2"
    cliui "^2.1.0"
    decamelize "^1.0.0"
    window-size "0.1.0"

yarn-acquire@^0.0.8:
  version "0.0.8"
  resolved "https://registry.yarnpkg.com/yarn-acquire/-/yarn-acquire-0.0.8.tgz#13294aafb155ad7ec23ba5cdfd2ba4c94a4c8a34"

yarn-cropper@^0.0.1:
  version "0.0.1"
  resolved "https://registry.yarnpkg.com/yarn-cropper/-/yarn-cropper-0.0.1.tgz#e9c2fbb303250e9d10d6e34384e46952cd4b9f9d"
